{
    "_meta": {
        "hash": {
            "sha256": "205eb2c775ad56abbfafa1a9dc3142dc422818840c3733a2d257c6e16187000b"
        },
        "pipfile-spec": 6,
        "requires": {
            "python_version": "3.9"
        },
        "sources": [
            {
                "name": "pypi",
                "url": "https://pypi.org/simple",
                "verify_ssl": true
            }
        ]
    },
    "default": {
        "asgiref": {
            "hashes": [
                "sha256:5f184dc43b7e763efe848065441eac62229c9f7b0475f41f80e207a114eda4ce",
                "sha256:e8667a091e69529631969fd45dc268fa79b99c92c5fcdda727757e52146ec133"
            ],
            "markers": "python_version >= '3.9'",
            "version": "==3.11.1"
        },
        "django": {
            "hashes": [
                "sha256:49a23c1b83ef31525f8d71a57b040f91d34660edb3f086280a8519855655ed3c",
                "sha256:a4b9cd881991add394cafa8bb3b11ad1742d1e1470ba99c3ef53dc540316ccfe"
            ],
            "index": "pypi",
            "markers": "python_version >= '3.8'",
            "version": "==4.2.28"
        },
        "django-debug-toolbar": {
            "hashes": [
                "sha256:a5ff2a54f24bf88286f9872836081078f4baa843dc3735ee88524e89f8821e33",
                "sha256:e759e63e3fe2d3110e0e519639c166816368701eab4a47fed75d7de7018467b9"
            ],
            "index": "pypi",
            "version": "==3.2.1"
        },
        "django-filter": {
            "hashes": [
                "sha256:1ec9eef48fa8da1c0ac9b411744b16c3f4c31176c867886e4c48da369c407153",
                "sha256:4fa48677cf5857b9b1347fed23e355ea792464e0fe07244d1fdfb8a806215b80"
            ],
            "index": "pypi",
            "markers": "python_version >= '3.9'",
            "version": "==25.1"
        },
        "djangorestframework": {
            "hashes": [
                "sha256:166809528b1aced0a17dc66c24492af18049f2c9420dbd0be29422029cfc3ff7",
                "sha256:33a59f47fb9c85ede792cbf88bde71893bcda0667bc573f784649521f1102cec"
            ],
            "index": "pypi",
            "markers": "python_version >= '3.9'",
            "version": "==3.16.1"
        },
        "drf-nested-routers": {
            "hashes": [
                "sha256:815978f802e578fd7035c74040c104909cbe97615de89a275d77e928f4029891",
                "sha256:dd489c33d667aaa81383ffaa8c74781d2b353d8f0795716ae37fc59ee297b7c4"
            ],
            "index": "pypi",
            "markers": "python_version >= '3.8'",
            "version": "==0.95.0"
        },
        "mysqlclient": {
            "hashes": [
                "sha256:0ac0dd759c4ca02c35a9fedc24bc982cf75171651e8187c2495ec957a87dfff7",
                "sha256:3381ca1a4f37ff1155fcfde20836b46416d66531add8843f6aa6d968982731c3",
                "sha256:71c4b330cf2313bbda0307fc858cc9055e64493ba9bf28454d25cf8b3ee8d7f5",
                "sha256:f6ebea7c008f155baeefe16c56cd3ee6239f7a5a9ae42396c2f1860f08a7c432",
                "sha256:fc575093cf81b6605bed84653e48b277318b880dc9becf42dd47fa11ffd3e2b6"
            ],
            "index": "pypi",
            "version": "==2.0.3"
        },
        "sqlparse": {
            "hashes": [
                "sha256:12a08b3bf3eec877c519589833aed092e2444e68240a3577e8e26148acc7b1ba",
                "sha256:e20d4a9b0b8585fdf63b10d30066c7c94c5d7a7ec47c889a2d83a3caa93ff28e"
            ],
            "markers": "python_version >= '3.8'",
            "version": "==0.5.5"
        },
        "typing-extensions": {
            "hashes": [
                "sha256:0cea48d173cc12fa28ecabc3b837ea3cf6f38c6d1136f85cbaaf598984861466",
                "sha256:f0fa19c6845758ab08074a0cfa8b7aecb71c999ca73d62883bc25cc018c4e548"
            ],
            "markers": "python_version >= '3.9'",
            "version": "==4.15.0"
        },
        "tzdata": {
            "hashes": [
                "sha256:06a47e5700f3081aab02b2e513160914ff0694bce9947d6b76ebd6bf57cfc5d1",
                "sha256:de39c2ca5dc7b0344f2eba86f49d614019d29f060fc4ebc8a417896a620b56a7"
            ],
            "markers": "python_version >= '2'",
            "version": "==2025.3"
        }
    },
    "develop": {}
}
